// !$*UTF8*$!
{
	archiveVersion = 1;
	classes = {
	};
	objectVersion = 55;
	objects = {

/* Begin PBXBuildFile section */
		85111F962831550000B9151A /* Spotify+String.swift in Sources */ = {isa = PBXBuildFile; fileRef = 85111F952831550000B9151A /* Spotify+String.swift */; };
		85111F982831551700B9151A /* Spotify+Image.swift in Sources */ = {isa = PBXBuildFile; fileRef = 85111F972831551700B9151A /* Spotify+Image.swift */; };
		85111F9A28315F3D00B9151A /* Home.storyboard in Resources */ = {isa = PBXBuildFile; fileRef = 85111F9928315F3D00B9151A /* Home.storyboard */; };
		85111F9C2831667000B9151A /* PlayList.swift in Sources */ = {isa = PBXBuildFile; fileRef = 85111F9B2831667000B9151A /* PlayList.swift */; };
		85111F9E283166B100B9151A /* Request.swift in Sources */ = {isa = PBXBuildFile; fileRef = 85111F9D283166B100B9151A /* Request.swift */; };
		85111FA02831685900B9151A /* PlayListViewModel.swift in Sources */ = {isa = PBXBuildFile; fileRef = 85111F9F2831685900B9151A /* PlayListViewModel.swift */; };
		85111FA22831694B00B9151A /* LibraryViewController.swift in Sources */ = {isa = PBXBuildFile; fileRef = 85111FA12831694B00B9151A /* LibraryViewController.swift */; };
		8578C658282F2C3000B50660 /* AppDelegate.swift in Sources */ = {isa = PBXBuildFile; fileRef = 8578C657282F2C3000B50660 /* AppDelegate.swift */; };
		8578C65A282F2C3000B50660 /* SceneDelegate.swift in Sources */ = {isa = PBXBuildFile; fileRef = 8578C659282F2C3000B50660 /* SceneDelegate.swift */; };
		8578C65C282F2C3000B50660 /* ViewController.swift in Sources */ = {isa = PBXBuildFile; fileRef = 8578C65B282F2C3000B50660 /* ViewController.swift */; };
		8578C65F282F2C3000B50660 /* Main.storyboard in Resources */ = {isa = PBXBuildFile; fileRef = 8578C65D282F2C3000B50660 /* Main.storyboard */; };
		8578C661282F2C3100B50660 /* Assets.xcassets in Resources */ = {isa = PBXBuildFile; fileRef = 8578C660282F2C3100B50660 /* Assets.xcassets */; };
		8578C664282F2C3100B50660 /* LaunchScreen.storyboard in Resources */ = {isa = PBXBuildFile; fileRef = 8578C662282F2C3100B50660 /* LaunchScreen.storyboard */; };
/* End PBXBuildFile section */

/* Begin PBXFileReference section */
		85111F952831550000B9151A /* Spotify+String.swift */ = {isa = PBXFileReference; lastKnownFileType = sourcecode.swift; path = "Spotify+String.swift"; sourceTree = "<group>"; };
		85111F972831551700B9151A /* Spotify+Image.swift */ = {isa = PBXFileReference; lastKnownFileType = sourcecode.swift; path = "Spotify+Image.swift"; sourceTree = "<group>"; };
		85111F9928315F3D00B9151A /* Home.storyboard */ = {isa = PBXFileReference; lastKnownFileType = file.storyboard; path = Home.storyboard; sourceTree = "<group>"; };
		85111F9B2831667000B9151A /* PlayList.swift */ = {isa = PBXFileReference; lastKnownFileType = sourcecode.swift; path = PlayList.swift; sourceTree = "<group>"; };
		85111F9D283166B100B9151A /* Request.swift */ = {isa = PBXFileReference; lastKnownFileType = sourcecode.swift; path = Request.swift; sourceTree = "<group>"; };
		85111F9F2831685900B9151A /* PlayListViewModel.swift */ = {isa = PBXFileReference; lastKnownFileType = sourcecode.swift; path = PlayListViewModel.swift; sourceTree = "<group>"; };
		85111FA12831694B00B9151A /* LibraryViewController.swift */ = {isa = PBXFileReference; lastKnownFileType = sourcecode.swift; path = LibraryViewController.swift; sourceTree = "<group>"; };
		8578C654282F2C3000B50660 /* SpotifyCloneB.app */ = {isa = PBXFileReference; explicitFileType = wrapper.application; includeInIndex = 0; path = SpotifyCloneB.app; sourceTree = BUILT_PRODUCTS_DIR; };
		8578C657282F2C3000B50660 /* AppDelegate.swift */ = {isa = PBXFileReference; lastKnownFileType = sourcecode.swift; path = AppDelegate.swift; sourceTree = "<group>"; };
		8578C659282F2C3000B50660 /* SceneDelegate.swift */ = {isa = PBXFileReference; lastKnownFileType = sourcecode.swift; path = SceneDelegate.swift; sourceTree = "<group>"; };
		8578C65B282F2C3000B50660 /* ViewController.swift */ = {isa = PBXFileReference; lastKnownFileType = sourcecode.swift; path = ViewController.swift; sourceTree = "<group>"; };
		8578C65E282F2C3000B50660 /* Base */ = {isa = PBXFileReference; lastKnownFileType = file.storyboard; name = Base; path = Base.lproj/Main.storyboard; sourceTree = "<group>"; };
		8578C660282F2C3100B50660 /* Assets.xcassets */ = {isa = PBXFileReference; lastKnownFileType = folder.assetcatalog; path = Assets.xcassets; sourceTree = "<group>"; };
		8578C663282F2C3100B50660 /* Base */ = {isa = PBXFileReference; lastKnownFileType = file.storyboard; name = Base; path = Base.lproj/LaunchScreen.storyboard; sourceTree = "<group>"; };
		8578C665282F2C3100B50660 /* Info.plist */ = {isa = PBXFileReference; lastKnownFileType = text.plist.xml; path = Info.plist; sourceTree = "<group>"; };
/* End PBXFileReference section */

/* Begin PBXFrameworksBuildPhase section */
		8578C651282F2C3000B50660 /* Frameworks */ = {
			isa = PBXFrameworksBuildPhase;
			buildActionMask = 2147483647;
			files = (
			);
			runOnlyForDeploymentPostprocessing = 0;
		};
/* End PBXFrameworksBuildPhase section */

/* Begin PBXGroup section */
		85111F8F2831542B00B9151A /* Model */ = {
			isa = PBXGroup;
			children = (
				85111F9B2831667000B9151A /* PlayList.swift */,
			);
			path = Model;
			sourceTree = "<group>";
		};
		85111F902831543300B9151A /* View */ = {
			isa = PBXGroup;
			children = (
				8578C65B282F2C3000B50660 /* ViewController.swift */,
				85111FA12831694B00B9151A /* LibraryViewController.swift */,
			);
			path = View;
			sourceTree = "<group>";
		};
		85111F912831544200B9151A /* ViewModel */ = {
			isa = PBXGroup;
			children = (
				85111F9D283166B100B9151A /* Request.swift */,
				85111F9F2831685900B9151A /* PlayListViewModel.swift */,
			);
			path = ViewModel;
			sourceTree = "<group>";
		};
		85111F922831549B00B9151A /* Helper */ = {
			isa = PBXGroup;
			children = (
				85111F952831550000B9151A /* Spotify+String.swift */,
				85111F972831551700B9151A /* Spotify+Image.swift */,
			);
			path = Helper;
			sourceTree = "<group>";
		};
		85111F93283154A800B9151A /* Screens */ = {
			isa = PBXGroup;
			children = (
				8578C65D282F2C3000B50660 /* Main.storyboard */,
				85111F9928315F3D00B9151A /* Home.storyboard */,
			);
			path = Screens;
			sourceTree = "<group>";
		};
		85111F94283154CD00B9151A /* Onboarding */ = {
			isa = PBXGroup;
			children = (
				8578C662282F2C3100B50660 /* LaunchScreen.storyboard */,
			);
			path = Onboarding;
			sourceTree = "<group>";
		};
		8578C64B282F2C3000B50660 = {
			isa = PBXGroup;
			children = (
				8578C656282F2C3000B50660 /* SpotifyCloneB */,
				8578C655282F2C3000B50660 /* Products */,
			);
			sourceTree = "<group>";
		};
		8578C655282F2C3000B50660 /* Products */ = {
			isa = PBXGroup;
			children = (
				8578C654282F2C3000B50660 /* SpotifyCloneB.app */,
			);
			name = Products;
			sourceTree = "<group>";
		};
		8578C656282F2C3000B50660 /* SpotifyCloneB */ = {
			isa = PBXGroup;
			children = (
				85111F94283154CD00B9151A /* Onboarding */,
				85111F93283154A800B9151A /* Screens */,
				85111F922831549B00B9151A /* Helper */,
				85111F912831544200B9151A /* ViewModel */,
				85111F902831543300B9151A /* View */,
				85111F8F2831542B00B9151A /* Model */,
				8578C657282F2C3000B50660 /* AppDelegate.swift */,
				8578C659282F2C3000B50660 /* SceneDelegate.swift */,
				8578C660282F2C3100B50660 /* Assets.xcassets */,
				8578C665282F2C3100B50660 /* Info.plist */,
			);
			path = SpotifyCloneB;
			sourceTree = "<group>";
		};
/* End PBXGroup section */

/* Begin PBXNativeTarget section */
		8578C653282F2C3000B50660 /* SpotifyCloneB */ = {
			isa = PBXNativeTarget;
			buildConfigurationList = 8578C668282F2C3100B50660 /* Build configuration list for PBXNativeTarget "SpotifyCloneB" */;
			buildPhases = (
				8578C650282F2C3000B50660 /* Sources */,
				8578C651282F2C3000B50660 /* Frameworks */,
				8578C652282F2C3000B50660 /* Resources */,
			);
			buildRules = (
			);
			dependencies = (
			);
			name = SpotifyCloneB;
			productName = SpotifyCloneB;
			productReference = 8578C654282F2C3000B50660 /* SpotifyCloneB.app */;
			productType = "com.apple.product-type.application";
		};
/* End PBXNativeTarget section */

/* Begin PBXProject section */
		8578C64C282F2C3000B50660 /* Project object */ = {
			isa = PBXProject;
			attributes = {
				BuildIndependentTargetsInParallel = 1;
				LastSwiftUpdateCheck = 1330;
				LastUpgradeCheck = 1330;
				TargetAttributes = {
					8578C653282F2C3000B50660 = {
						CreatedOnToolsVersion = 13.3.1;
					};
				};
			};
			buildConfigurationList = 8578C64F282F2C3000B50660 /* Build configuration list for PBXProject "SpotifyCloneB" */;
			compatibilityVersion = "Xcode 13.0";
			developmentRegion = en;
			hasScannedForEncodings = 0;
			knownRegions = (
				en,
				Base,
			);
			mainGroup = 8578C64B282F2C3000B50660;
			productRefGroup = 8578C655282F2C3000B50660 /* Products */;
			projectDirPath = "";
			projectRoot = "";
			targets = (
				8578C653282F2C3000B50660 /* SpotifyCloneB */,
			);
		};
/* End PBXProject section */

/* Begin PBXResourcesBuildPhase section */
		8578C652282F2C3000B50660 /* Resources */ = {
			isa = PBXResourcesBuildPhase;
			buildActionMask = 2147483647;
			files = (
				8578C664282F2C3100B50660 /* LaunchScreen.storyboard in Resources */,
				8578C661282F2C3100B50660 /* Assets.xcassets in Resources */,
				8578C65F282F2C3000B50660 /* Main.storyboard in Resources */,
				85111F9A28315F3D00B9151A /* Home.storyboard in Resources */,
			);
			runOnlyForDeploymentPostprocessing = 0;
		};
/* End PBXResourcesBuildPhase section */

/* Begin PBXSourcesBuildPhase section */
		8578C650282F2C3000B50660 /* Sources */ = {
			isa = PBXSourcesBuildPhase;
			buildActionMask = 2147483647;
			files = (
				85111FA02831685900B9151A /* PlayListViewModel.swift in Sources */,
				8578C65C282F2C3000B50660 /* ViewController.swift in Sources */,
				85111F982831551700B9151A /* Spotify+Image.swift in Sources */,
				8578C658282F2C3000B50660 /* AppDelegate.swift in Sources */,
				85111F9C2831667000B9151A /* PlayList.swift in Sources */,
				85111F9E283166B100B9151A /* Request.swift in Sources */,
				8578C65A282F2C3000B50660 /* SceneDelegate.swift in Sources */,
				85111FA22831694B00B9151A /* LibraryViewController.swift in Sources */,
				85111F962831550000B9151A /* Spotify+String.swift in Sources */,
			);
			runOnlyForDeploymentPostprocessing = 0;
		};
/* End PBXSourcesBuildPhase section */

/* Begin PBXVariantGroup section */
		8578C65D282F2C3000B50660 /* Main.storyboard */ = {
			isa = PBXVariantGroup;
			children = (
				8578C65E282F2C3000B50660 /* Base */,
			);
			name = Main.storyboard;
			sourceTree = "<group>";
		};
		8578C662282F2C3100B50660 /* LaunchScreen.storyboard */ = {
			isa = PBXVariantGroup;
			children = (
				8578C663282F2C3100B50660 /* Base */,
			);
			name = LaunchScreen.storyboard;
			sourceTree = "<group>";
		};
/* End PBXVariantGroup section */

/* Begin XCBuildConfiguration section */
		8578C666282F2C3100B50660 /* Debug */ = {
			isa = XCBuildConfiguration;
			buildSettings = {
				ALWAYS_SEARCH_USER_PATHS = NO;
				CLANG_ANALYZER_NONNULL = YES;
				CLANG_ANALYZER_NUMBER_OBJECT_CONVERSION = YES_AGGRESSIVE;
				CLANG_CXX_LANGUAGE_STANDARD = "gnu++17";
				CLANG_ENABLE_MODULES = YES;
				CLANG_ENABLE_OBJC_ARC = YES;
				CLANG_ENABLE_OBJC_WEAK = YES;
				CLANG_WARN_BLOCK_CAPTURE_AUTORELEASING = YES;
				CLANG_WARN_BOOL_CONVERSION = YES;
				CLANG_WARN_COMMA = YES;
				CLANG_WARN_CONSTANT_CONVERSION = YES;
				CLANG_WARN_DEPRECATED_OBJC_IMPLEMENTATIONS = YES;
				CLANG_WARN_DIRECT_OBJC_ISA_USAGE = YES_ERROR;
				CLANG_WARN_DOCUMENTATION_COMMENTS = YES;
				CLANG_WARN_EMPTY_BODY = YES;
				CLANG_WARN_ENUM_CONVERSION = YES;
				CLANG_WARN_INFINITE_RECURSION = YES;
				CLANG_WARN_INT_CONVERSION = YES;
				CLANG_WARN_NON_LITERAL_NULL_CONVERSION = YES;
				CLANG_WARN_OBJC_IMPLICIT_RETAIN_SELF = YES;
				CLANG_WARN_OBJC_LITERAL_CONVERSION = YES;
				CLANG_WARN_OBJC_ROOT_CLASS = YES_ERROR;
				CLANG_WARN_QUOTED_INCLUDE_IN_FRAMEWORK_HEADER = YES;
				CLANG_WARN_RANGE_LOOP_ANALYSIS = YES;
				CLANG_WARN_STRICT_PROTOTYPES = YES;
				CLANG_WARN_SUSPICIOUS_MOVE = YES;
				CLANG_WARN_UNGUARDED_AVAILABILITY = YES_AGGRESSIVE;
				CLANG_WARN_UNREACHABLE_CODE = YES;
				CLANG_WARN__DUPLICATE_METHOD_MATCH = YES;
				COPY_PHASE_STRIP = NO;
				DEBUG_INFORMATION_FORMAT = dwarf;
				ENABLE_STRICT_OBJC_MSGSEND = YES;
				ENABLE_TESTABILITY = YES;
				GCC_C_LANGUAGE_STANDARD = gnu11;
				GCC_DYNAMIC_NO_PIC = NO;
				GCC_NO_COMMON_BLOCKS = YES;
				GCC_OPTIMIZATION_LEVEL = 0;
				GCC_PREPROCESSOR_DEFINITIONS = (
					"DEBUG=1",
					"$(inherited)",
				);
				GCC_WARN_64_TO_32_BIT_CONVERSION = YES;
				GCC_WARN_ABOUT_RETURN_TYPE = YES_ERROR;
				GCC_WARN_UNDECLARED_SELECTOR = YES;
				GCC_WARN_UNINITIALIZED_AUTOS = YES_AGGRESSIVE;
				GCC_WARN_UNUSED_FUNCTION = YES;
				GCC_WARN_UNUSED_VARIABLE = YES;
				IPHONEOS_DEPLOYMENT_TARGET = 15.4;
				MTL_ENABLE_DEBUG_INFO = INCLUDE_SOURCE;
				MTL_FAST_MATH = YES;
				ONLY_ACTIVE_ARCH = YES;
				SDKROOT = iphoneos;
				SWIFT_ACTIVE_COMPILATION_CONDITIONS = DEBUG;
				SWIFT_OPTIMIZATION_LEVEL = "-Onone";
			};
			name = Debug;
		};
		8578C667282F2C3100B50660 /* Release */ = {
			isa = XCBuildConfiguration;
			buildSettings = {
				ALWAYS_SEARCH_USER_PATHS = NO;
				CLANG_ANALYZER_NONNULL = YES;
				CLANG_ANALYZER_NUMBER_OBJECT_CONVERSION = YES_AGGRESSIVE;
				CLANG_CXX_LANGUAGE_STANDARD = "gnu++17";
				CLANG_ENABLE_MODULES = YES;
				CLANG_ENABLE_OBJC_ARC = YES;
				CLANG_ENABLE_OBJC_WEAK = YES;
				CLANG_WARN_BLOCK_CAPTURE_AUTORELEASING = YES;
				CLANG_WARN_BOOL_CONVERSION = YES;
				CLANG_WARN_COMMA = YES;
				CLANG_WARN_CONSTANT_CONVERSION = YES;
				CLANG_WARN_DEPRECATED_OBJC_IMPLEMENTATIONS = YES;
				CLANG_WARN_DIRECT_OBJC_ISA_USAGE = YES_ERROR;
				CLANG_WARN_DOCUMENTATION_COMMENTS = YES;
				CLANG_WARN_EMPTY_BODY = YES;
				CLANG_WARN_ENUM_CONVERSION = YES;
				CLANG_WARN_INFINITE_RECURSION = YES;
				CLANG_WARN_INT_CONVERSION = YES;
				CLANG_WARN_NON_LITERAL_NULL_CONVERSION = YES;
				CLANG_WARN_OBJC_IMPLICIT_RETAIN_SELF = YES;
				CLANG_WARN_OBJC_LITERAL_CONVERSION = YES;
				CLANG_WARN_OBJC_ROOT_CLASS = YES_ERROR;
				CLANG_WARN_QUOTED_INCLUDE_IN_FRAMEWORK_HEADER = YES;
				CLANG_WARN_RANGE_LOOP_ANALYSIS = YES;
				CLANG_WARN_STRICT_PROTOTYPES = YES;
				CLANG_WARN_SUSPICIOUS_MOVE = YES;
				CLANG_WARN_UNGUARDED_AVAILABILITY = YES_AGGRESSIVE;
				CLANG_WARN_UNREACHABLE_CODE = YES;
				CLANG_WARN__DUPLICATE_METHOD_MATCH = YES;
				COPY_PHASE_STRIP = NO;
				DEBUG_INFORMATION_FORMAT = "dwarf-with-dsym";
				ENABLE_NS_ASSERTIONS = NO;
				ENABLE_STRICT_OBJC_MSGSEND = YES;
				GCC_C_LANGUAGE_STANDARD = gnu11;
				GCC_NO_COMMON_BLOCKS = YES;
				GCC_WARN_64_TO_32_BIT_CONVERSION = YES;
				GCC_WARN_ABOUT_RETURN_TYPE = YES_ERROR;
				GCC_WARN_UNDECLARED_SELECTOR = YES;
				GCC_WARN_UNINITIALIZED_AUTOS = YES_AGGRESSIVE;
				GCC_WARN_UNUSED_FUNCTION = YES;
				GCC_WARN_UNUSED_VARIABLE = YES;
				IPHONEOS_DEPLOYMENT_TARGET = 15.4;
				MTL_ENABLE_DEBUG_INFO = NO;
				MTL_FAST_MATH = YES;
				SDKROOT = iphoneos;
				SWIFT_COMPILATION_MODE = wholemodule;
				SWIFT_OPTIMIZATION_LEVEL = "-O";
				VALIDATE_PRODUCT = YES;
			};
			name = Release;
		};
		8578C669282F2C3100B50660 /* Debug */ = {
			isa = XCBuildConfiguration;
			buildSettings = {
				ASSETCATALOG_COMPILER_APPICON_NAME = AppIcon;
				ASSETCATALOG_COMPILER_GLOBAL_ACCENT_COLOR_NAME = AccentColor;
				CODE_SIGN_STYLE = Automatic;
				CURRENT_PROJECT_VERSION = 1;
				GENERATE_INFOPLIST_FILE = YES;
				INFOPLIST_FILE = SpotifyCloneB/Info.plist;
				INFOPLIST_KEY_UIApplicationSupportsIndirectInputEvents = YES;
				INFOPLIST_KEY_UILaunchStoryboardName = LaunchScreen;
				INFOPLIST_KEY_UIMainStoryboardFile = Main;
				INFOPLIST_KEY_UISupportedInterfaceOrientations_iPad = "UIInterfaceOrientationPortrait UIInterfaceOrientationPortraitUpsideDown UIInterfaceOrientationLandscapeLeft UIInterfaceOrientationLandscapeRight";
				INFOPLIST_KEY_UISupportedInterfaceOrientations_iPhone = "UIInterfaceOrientationPortrait UIInterfaceOrientationLandscapeLeft UIInterfaceOrientationLandscapeRight";
				LD_RUNPATH_SEARCH_PATHS = (
					"$(inherited)",
					"@executable_path/Frameworks",
				);
				MARKETING_VERSION = 1.0;
				PRODUCT_BUNDLE_IDENTIFIER = com.jflores.SpotifyCloneB;
				PRODUCT_NAME = "$(TARGET_NAME)";
				SWIFT_EMIT_LOC_STRINGS = YES;
				SWIFT_VERSION = 5.0;
				TARGETED_DEVICE_FAMILY = "1,2";
			};
			name = Debug;
		};
		8578C66A282F2C3100B50660 /* Release */ = {
			isa = XCBuildConfiguration;
			buildSettings = {
				ASSETCATALOG_COMPILER_APPICON_NAME = AppIcon;
				ASSETCATALOG_COMPILER_GLOBAL_ACCENT_COLOR_NAME = AccentColor;
				CODE_SIGN_STYLE = Automatic;
				CURRENT_PROJECT_VERSION = 1;
				GENERATE_INFOPLIST_FILE = YES;
				INFOPLIST_FILE = SpotifyCloneB/Info.plist;
				INFOPLIST_KEY_UIApplicationSupportsIndirectInputEvents = YES;
				INFOPLIST_KEY_UILaunchStoryboardName = LaunchScreen;
				INFOPLIST_KEY_UIMainStoryboardFile = Main;
				INFOPLIST_KEY_UISupportedInterfaceOrientations_iPad = "UIInterfaceOrientationPortrait UIInterfaceOrientationPortraitUpsideDown UIInterfaceOrientationLandscapeLeft UIInterfaceOrientationLandscapeRight";
				INFOPLIST_KEY_UISupportedInterfaceOrientations_iPhone = "UIInterfaceOrientationPortrait UIInterfaceOrientationLandscapeLeft UIInterfaceOrientationLandscapeRight";
				LD_RUNPATH_SEARCH_PATHS = (
					"$(inherited)",
					"@executable_path/Frameworks",
				);
				MARKETING_VERSION = 1.0;
				PRODUCT_BUNDLE_IDENTIFIER = com.jflores.SpotifyCloneB;
				PRODUCT_NAME = "$(TARGET_NAME)";
				SWIFT_EMIT_LOC_STRINGS = YES;
				SWIFT_VERSION = 5.0;
				TARGETED_DEVICE_FAMILY = "1,2";
			};
			name = Release;
		};
/* End XCBuildConfiguration section */

/* Begin XCConfigurationList section */
		8578C64F282F2C3000B50660 /* Build configuration list for PBXProject "SpotifyCloneB" */ = {
			isa = XCConfigurationList;
			buildConfigurations = (
				8578C666282F2C3100B50660 /* Debug */,
				8578C667282F2C3100B50660 /* Release */,
			);
			defaultConfigurationIsVisible = 0;
			defaultConfigurationName = Release;
		};
		8578C668282F2C3100B50660 /* Build configuration list for PBXNativeTarget "SpotifyCloneB" */ = {
			isa = XCConfigurationList;
			buildConfigurations = (
				8578C669282F2C3100B50660 /* Debug */,
				8578C66A282F2C3100B50660 /* Release */,
			);
			defaultConfigurationIsVisible = 0;
			defaultConfigurationName = Release;
		};
/* End XCConfigurationList section */
	};
	rootObject = 8578C64C282F2C3000B50660 /* Project object */;
}
